
Microsoft Visual Studio Solution File, Format Version 12.00
# Visual Studio Version 17
VisualStudioVersion = 17.0.32014.148
MinimumVisualStudioVersion = 10.0.40219.1
Project("{FAE04EC0-301F-11D3-BF4B-00C04F79EFBC}") = "mvcapiproyecto", "mvcapiproyecto\mvcapiproyecto.csproj", "{40980DCB-49EC-489D-B524-EF1DA6757620}"
EndProject
Global
	GlobalSection(SolutionConfigurationPlatforms) = preSolution
		Debug|Any CPU = Debug|Any CPU
		Release|Any CPU = Release|Any CPU
	EndGlobalSection
	GlobalSection(ProjectConfigurationPlatforms) = postSolution
		{40980DCB-49EC-489D-B524-EF1DA6757620}.Debug|Any CPU.ActiveCfg = Debug|Any CPU
		{40980DCB-49EC-489D-B524-EF1DA6757620}.Debug|Any CPU.Build.0 = Debug|Any CPU
		{40980DCB-49EC-489D-B524-EF1DA6757620}.Release|Any CPU.ActiveCfg = Release|Any CPU
		{40980DCB-49EC-489D-B524-EF1DA6757620}.Release|Any CPU.Build.0 = Release|Any CPU
	EndGlobalSection
	GlobalSection(SolutionProperties) = preSolution
		HideSolutionNode = FALSE
	EndGlobalSection
	GlobalSection(ExtensibilityGlobals) = postSolution
		SolutionGuid = {70EC810C-B037-469B-BE05-CAF303ECA243}
	EndGlobalSection
EndGlobal
